<?xml version="1.0" encoding="utf-8"?>
<Project ToolsVersion="4.0" xmlns="http://schemas.microsoft.com/developer/msbuild/2003">
  <ItemGroup>
    <ClCompile Include="Lunar.cpp" />
    <ClCompile Include="Utils.cpp" />
    <ClCompile Include="Tokenizer\Tokenizer.cpp">
      <Filter>Tokenizer</Filter>
    </ClCompile>
    <ClCompile Include="Exceptions\FileNotFoundException.cpp">
      <Filter>Exceptions</Filter>
    </ClCompile>
    <ClCompile Include="Tokenizer\Token.cpp">
      <Filter>Tokenizer</Filter>
    </ClCompile>
  </ItemGroup>
  <ItemGroup>
    <ClInclude Include="Lunar.h" />
    <ClInclude Include="Tokenizer\Tokenizer.h">
      <Filter>Tokenizer</Filter>
    </ClInclude>
    <ClInclude Include="Exceptions\Exceptions.h">
      <Filter>Exceptions</Filter>
    </ClInclude>
    <ClInclude Include="Tokenizer\Token.h">
      <Filter>Tokenizer</Filter>
    </ClInclude>
  </ItemGroup>
  <ItemGroup>
    <Filter Include="Exceptions">
      <UniqueIdentifier>{ce72c0c2-5bf4-4845-af7a-9862e7108957}</UniqueIdentifier>
    </Filter>
    <Filter Include="Tokenizer">
      <UniqueIdentifier>{2fde8820-c28b-45d1-95e4-33b60c6ca6cd}</UniqueIdentifier>
    </Filter>
  </ItemGroup>
</Project>